
Microsoft Visual Studio Solution File, Format Version 12.00
# Visual Studio 15
VisualStudioVersion = 15.0.28307.438
MinimumVisualStudioVersion = 10.0.40219.1
Project("{9A19103F-16F7-4668-BE54-9A1E7A4F7556}") = "NCoreClientCore.ConsoleApp", "NCoreClientCore.ConsoleApp\NCoreClientCore.ConsoleApp.csproj", "{FE00F0CA-5232-4B4C-BBA2-8FE13703E49A}"
EndProject
Project("{9A19103F-16F7-4668-BE54-9A1E7A4F7556}") = "NCoreClientCore.NetStandard", "NCoreClientCore.NetStandard\NCoreClientCore.NetStandard.csproj", "{595FF1FA-AECD-4DC3-BA9E-149088E4B232}"
EndProject
Global
	GlobalSection(SolutionConfigurationPlatforms) = preSolution
		Debug|Any CPU = Debug|Any CPU
		Release|Any CPU = Release|Any CPU
	EndGlobalSection
	GlobalSection(ProjectConfigurationPlatforms) = postSolution
		{FE00F0CA-5232-4B4C-BBA2-8FE13703E49A}.Debug|Any CPU.ActiveCfg = Debug|Any CPU
		{FE00F0CA-5232-4B4C-BBA2-8FE13703E49A}.Debug|Any CPU.Build.0 = Debug|Any CPU
		{FE00F0CA-5232-4B4C-BBA2-8FE13703E49A}.Release|Any CPU.ActiveCfg = Release|Any CPU
		{FE00F0CA-5232-4B4C-BBA2-8FE13703E49A}.Release|Any CPU.Build.0 = Release|Any CPU
		{595FF1FA-AECD-4DC3-BA9E-149088E4B232}.Debug|Any CPU.ActiveCfg = Debug|Any CPU
		{595FF1FA-AECD-4DC3-BA9E-149088E4B232}.Debug|Any CPU.Build.0 = Debug|Any CPU
		{595FF1FA-AECD-4DC3-BA9E-149088E4B232}.Release|Any CPU.ActiveCfg = Release|Any CPU
		{595FF1FA-AECD-4DC3-BA9E-149088E4B232}.Release|Any CPU.Build.0 = Release|Any CPU
	EndGlobalSection
	GlobalSection(SolutionProperties) = preSolution
		HideSolutionNode = FALSE
	EndGlobalSection
	GlobalSection(ExtensibilityGlobals) = postSolution
		SolutionGuid = {8BD43B8D-C24E-4DEB-99EA-14B5CA1015BF}
	EndGlobalSection
EndGlobal
